
Microsoft Visual Studio Solution File, Format Version 12.00
# Visual Studio Version 16
VisualStudioVersion = 16.0.30002.166
MinimumVisualStudioVersion = 10.0.40219.1
Project("{9A19103F-16F7-4668-BE54-9A1E7A4F7556}") = "CalendarBot.Web", "CalendarBot.Web\CalendarBot.Web.csproj", "{43541ED5-D846-4B01-9DA5-08776BE3979A}"
EndProject
Project("{9A19103F-16F7-4668-BE54-9A1E7A4F7556}") = "CalendarBot.Data", "CalendarBot.Data\CalendarBot.Data.csproj", "{CBBC6D85-6FAA-4492-98C0-CF17765BBFC4}"
EndProject
Project("{FAE04EC0-301F-11D3-BF4B-00C04F79EFBC}") = "CalendarBot.Bot", "CalendarBot.Bot\CalendarBot.Bot.csproj", "{8392D45D-5FDA-4F1B-9C71-348B5AC165F9}"
EndProject
Global
	GlobalSection(SolutionConfigurationPlatforms) = preSolution
		Debug|Any CPU = Debug|Any CPU
		Release|Any CPU = Release|Any CPU
	EndGlobalSection
	GlobalSection(ProjectConfigurationPlatforms) = postSolution
		{43541ED5-D846-4B01-9DA5-08776BE3979A}.Debug|Any CPU.ActiveCfg = Debug|Any CPU
		{43541ED5-D846-4B01-9DA5-08776BE3979A}.Debug|Any CPU.Build.0 = Debug|Any CPU
		{43541ED5-D846-4B01-9DA5-08776BE3979A}.Release|Any CPU.ActiveCfg = Release|Any CPU
		{43541ED5-D846-4B01-9DA5-08776BE3979A}.Release|Any CPU.Build.0 = Release|Any CPU
		{CBBC6D85-6FAA-4492-98C0-CF17765BBFC4}.Debug|Any CPU.ActiveCfg = Debug|Any CPU
		{CBBC6D85-6FAA-4492-98C0-CF17765BBFC4}.Debug|Any CPU.Build.0 = Debug|Any CPU
		{CBBC6D85-6FAA-4492-98C0-CF17765BBFC4}.Release|Any CPU.ActiveCfg = Release|Any CPU
		{CBBC6D85-6FAA-4492-98C0-CF17765BBFC4}.Release|Any CPU.Build.0 = Release|Any CPU
		{8392D45D-5FDA-4F1B-9C71-348B5AC165F9}.Debug|Any CPU.ActiveCfg = Debug|Any CPU
		{8392D45D-5FDA-4F1B-9C71-348B5AC165F9}.Debug|Any CPU.Build.0 = Debug|Any CPU
		{8392D45D-5FDA-4F1B-9C71-348B5AC165F9}.Release|Any CPU.ActiveCfg = Release|Any CPU
		{8392D45D-5FDA-4F1B-9C71-348B5AC165F9}.Release|Any CPU.Build.0 = Release|Any CPU
	EndGlobalSection
	GlobalSection(SolutionProperties) = preSolution
		HideSolutionNode = FALSE
	EndGlobalSection
	GlobalSection(ExtensibilityGlobals) = postSolution
		SolutionGuid = {8F15B85A-BD71-480E-BFFA-D930C2DD2644}
	EndGlobalSection
EndGlobal
